// !$*UTF8*$!
{
	archiveVersion = 1;
	classes = {
	};
	objectVersion = 46;
	objects = {

/* Begin PBXBuildFile section */
		3424C40D1CC0CB2F00ABE283 /* ViewController.swift in Sources */ = {isa = PBXBuildFile; fileRef = 3424C40C1CC0CB2F00ABE283 /* ViewController.swift */; };
		3424C4131CC0CBC400ABE283 /* WeatherIcons.swift in Sources */ = {isa = PBXBuildFile; fileRef = 3424C4121CC0CBC400ABE283 /* WeatherIcons.swift */; };
		3424C4141CC0CBC400ABE283 /* WeatherIcons.swift in Sources */ = {isa = PBXBuildFile; fileRef = 3424C4121CC0CBC400ABE283 /* WeatherIcons.swift */; };
		34EBD46E1CBFDB5F0033B651 /* AppDelegate.swift in Sources */ = {isa = PBXBuildFile; fileRef = 34EBD46D1CBFDB5F0033B651 /* AppDelegate.swift */; };
		34EBD4731CBFDB5F0033B651 /* Main.storyboard in Resources */ = {isa = PBXBuildFile; fileRef = 34EBD4711CBFDB5F0033B651 /* Main.storyboard */; };
		34EBD4751CBFDB5F0033B651 /* Assets.xcassets in Resources */ = {isa = PBXBuildFile; fileRef = 34EBD4741CBFDB5F0033B651 /* Assets.xcassets */; };
		34EBD4781CBFDB5F0033B651 /* LaunchScreen.storyboard in Resources */ = {isa = PBXBuildFile; fileRef = 34EBD4761CBFDB5F0033B651 /* LaunchScreen.storyboard */; };
		34EBD4831CBFDB5F0033B651 /* TwentyFourHoursTests.swift in Sources */ = {isa = PBXBuildFile; fileRef = 34EBD4821CBFDB5F0033B651 /* TwentyFourHoursTests.swift */; };
		34EBD48E1CBFDB5F0033B651 /* TwentyFourHoursUITests.swift in Sources */ = {isa = PBXBuildFile; fileRef = 34EBD48D1CBFDB5F0033B651 /* TwentyFourHoursUITests.swift */; };
		34EBD4A61CBFDD3E0033B651 /* ForecastIOBuilder.swift in Sources */ = {isa = PBXBuildFile; fileRef = 34EBD4A41CBFDD3E0033B651 /* ForecastIOBuilder.swift */; };
		34EBD4A71CBFDD3E0033B651 /* ForecastIOBuilder.swift in Sources */ = {isa = PBXBuildFile; fileRef = 34EBD4A41CBFDD3E0033B651 /* ForecastIOBuilder.swift */; };
		34EBD4A81CBFDD3E0033B651 /* ForecastIOManager.swift in Sources */ = {isa = PBXBuildFile; fileRef = 34EBD4A51CBFDD3E0033B651 /* ForecastIOManager.swift */; };
		34EBD4A91CBFDD3E0033B651 /* ForecastIOManager.swift in Sources */ = {isa = PBXBuildFile; fileRef = 34EBD4A51CBFDD3E0033B651 /* ForecastIOManager.swift */; };
		34EBD4B01CBFDF3A0033B651 /* Forecast.swift in Sources */ = {isa = PBXBuildFile; fileRef = 34EBD4AF1CBFDF3A0033B651 /* Forecast.swift */; };
		34EBD4B11CBFDF3A0033B651 /* Forecast.swift in Sources */ = {isa = PBXBuildFile; fileRef = 34EBD4AF1CBFDF3A0033B651 /* Forecast.swift */; };
		34EBD4B61CBFDF480033B651 /* OneDayForecast.swift in Sources */ = {isa = PBXBuildFile; fileRef = 34EBD4B51CBFDF480033B651 /* OneDayForecast.swift */; };
		34EBD4B71CBFDF480033B651 /* OneDayForecast.swift in Sources */ = {isa = PBXBuildFile; fileRef = 34EBD4B51CBFDF480033B651 /* OneDayForecast.swift */; };
		34EBD4BD1CBFDF850033B651 /* UserDefaultsExtension.swift in Sources */ = {isa = PBXBuildFile; fileRef = 34EBD4BC1CBFDF850033B651 /* UserDefaultsExtension.swift */; };
		34EBD4BE1CBFDF850033B651 /* UserDefaultsExtension.swift in Sources */ = {isa = PBXBuildFile; fileRef = 34EBD4BC1CBFDF850033B651 /* UserDefaultsExtension.swift */; };
		34EBD4C41CBFDFCE0033B651 /* Weather.swift in Sources */ = {isa = PBXBuildFile; fileRef = 34EBD4C31CBFDFCE0033B651 /* Weather.swift */; };
		34EBD4C51CBFDFCE0033B651 /* Weather.swift in Sources */ = {isa = PBXBuildFile; fileRef = 34EBD4C31CBFDFCE0033B651 /* Weather.swift */; };
		34EBD4CA1CBFDFD80033B651 /* SevenDayForecast.swift in Sources */ = {isa = PBXBuildFile; fileRef = 34EBD4C91CBFDFD80033B651 /* SevenDayForecast.swift */; };
		34EBD4CB1CBFDFD80033B651 /* SevenDayForecast.swift in Sources */ = {isa = PBXBuildFile; fileRef = 34EBD4C91CBFDFD80033B651 /* SevenDayForecast.swift */; };
		34EBD4D01CBFDFE10033B651 /* OneHourForecast.swift in Sources */ = {isa = PBXBuildFile; fileRef = 34EBD4CF1CBFDFE10033B651 /* OneHourForecast.swift */; };
		34EBD4D11CBFDFE10033B651 /* OneHourForecast.swift in Sources */ = {isa = PBXBuildFile; fileRef = 34EBD4CF1CBFDFE10033B651 /* OneHourForecast.swift */; };
		34EBD4D61CBFDFEA0033B651 /* SixtyMinuteForecast.swift in Sources */ = {isa = PBXBuildFile; fileRef = 34EBD4D51CBFDFEA0033B651 /* SixtyMinuteForecast.swift */; };
		34EBD4D71CBFDFEA0033B651 /* SixtyMinuteForecast.swift in Sources */ = {isa = PBXBuildFile; fileRef = 34EBD4D51CBFDFEA0033B651 /* SixtyMinuteForecast.swift */; };
		34EBD4DC1CBFDFF20033B651 /* Flags.swift in Sources */ = {isa = PBXBuildFile; fileRef = 34EBD4DB1CBFDFF20033B651 /* Flags.swift */; };
		34EBD4DD1CBFDFF20033B651 /* Flags.swift in Sources */ = {isa = PBXBuildFile; fileRef = 34EBD4DB1CBFDFF20033B651 /* Flags.swift */; };
		34EBD4E21CBFDFF80033B651 /* Units.swift in Sources */ = {isa = PBXBuildFile; fileRef = 34EBD4E11CBFDFF80033B651 /* Units.swift */; };
		34EBD4E31CBFDFF80033B651 /* Units.swift in Sources */ = {isa = PBXBuildFile; fileRef = 34EBD4E11CBFDFF80033B651 /* Units.swift */; };
		34EBD4E81CBFE0170033B651 /* NSDateExtension.swift in Sources */ = {isa = PBXBuildFile; fileRef = 34EBD4E71CBFE0170033B651 /* NSDateExtension.swift */; };
		34EBD4E91CBFE0170033B651 /* NSDateExtension.swift in Sources */ = {isa = PBXBuildFile; fileRef = 34EBD4E71CBFE0170033B651 /* NSDateExtension.swift */; };
		34EBD4EF1CBFE0440033B651 /* OneMinuteForecast.swift in Sources */ = {isa = PBXBuildFile; fileRef = 34EBD4EE1CBFE0440033B651 /* OneMinuteForecast.swift */; };
		34EBD4F01CBFE0440033B651 /* OneMinuteForecast.swift in Sources */ = {isa = PBXBuildFile; fileRef = 34EBD4EE1CBFE0440033B651 /* OneMinuteForecast.swift */; };
		F1E09CF81CC0353000D9B55B /* WeatherTableViewCell.swift in Sources */ = {isa = PBXBuildFile; fileRef = F1E09CF71CC0353000D9B55B /* WeatherTableViewCell.swift */; };
/* End PBXBuildFile section */

/* Begin PBXContainerItemProxy section */
		34EBD47F1CBFDB5F0033B651 /* PBXContainerItemProxy */ = {
			isa = PBXContainerItemProxy;
			containerPortal = 34EBD4621CBFDB5F0033B651 /* Project object */;
			proxyType = 1;
			remoteGlobalIDString = 34EBD4691CBFDB5F0033B651;
			remoteInfo = TwentyFourHours;
		};
		34EBD48A1CBFDB5F0033B651 /* PBXContainerItemProxy */ = {
			isa = PBXContainerItemProxy;
			containerPortal = 34EBD4621CBFDB5F0033B651 /* Project object */;
			proxyType = 1;
			remoteGlobalIDString = 34EBD4691CBFDB5F0033B651;
			remoteInfo = TwentyFourHours;
		};
/* End PBXContainerItemProxy section */

/* Begin PBXFileReference section */
		3424C40C1CC0CB2F00ABE283 /* ViewController.swift */ = {isa = PBXFileReference; fileEncoding = 4; lastKnownFileType = sourcecode.swift; path = ViewController.swift; sourceTree = "<group>"; };
		3424C4121CC0CBC400ABE283 /* WeatherIcons.swift */ = {isa = PBXFileReference; fileEncoding = 4; lastKnownFileType = sourcecode.swift; path = WeatherIcons.swift; sourceTree = "<group>"; };
		34EBD46A1CBFDB5F0033B651 /* TwentyFourHours.app */ = {isa = PBXFileReference; explicitFileType = wrapper.application; includeInIndex = 0; path = TwentyFourHours.app; sourceTree = BUILT_PRODUCTS_DIR; };
		34EBD46D1CBFDB5F0033B651 /* AppDelegate.swift */ = {isa = PBXFileReference; lastKnownFileType = sourcecode.swift; path = AppDelegate.swift; sourceTree = "<group>"; };
		34EBD4721CBFDB5F0033B651 /* Base */ = {isa = PBXFileReference; lastKnownFileType = file.storyboard; name = Base; path = Base.lproj/Main.storyboard; sourceTree = "<group>"; };
		34EBD4741CBFDB5F0033B651 /* Assets.xcassets */ = {isa = PBXFileReference; lastKnownFileType = folder.assetcatalog; path = Assets.xcassets; sourceTree = "<group>"; };
		34EBD4771CBFDB5F0033B651 /* Base */ = {isa = PBXFileReference; lastKnownFileType = file.storyboard; name = Base; path = Base.lproj/LaunchScreen.storyboard; sourceTree = "<group>"; };
		34EBD4791CBFDB5F0033B651 /* Info.plist */ = {isa = PBXFileReference; lastKnownFileType = text.plist.xml; path = Info.plist; sourceTree = "<group>"; };
		34EBD47E1CBFDB5F0033B651 /* TwentyFourHoursTests.xctest */ = {isa = PBXFileReference; explicitFileType = wrapper.cfbundle; includeInIndex = 0; path = TwentyFourHoursTests.xctest; sourceTree = BUILT_PRODUCTS_DIR; };
		34EBD4821CBFDB5F0033B651 /* TwentyFourHoursTests.swift */ = {isa = PBXFileReference; lastKnownFileType = sourcecode.swift; path = TwentyFourHoursTests.swift; sourceTree = "<group>"; };
		34EBD4841CBFDB5F0033B651 /* Info.plist */ = {isa = PBXFileReference; lastKnownFileType = text.plist.xml; path = Info.plist; sourceTree = "<group>"; };
		34EBD4891CBFDB5F0033B651 /* TwentyFourHoursUITests.xctest */ = {isa = PBXFileReference; explicitFileType = wrapper.cfbundle; includeInIndex = 0; path = TwentyFourHoursUITests.xctest; sourceTree = BUILT_PRODUCTS_DIR; };
		34EBD48D1CBFDB5F0033B651 /* TwentyFourHoursUITests.swift */ = {isa = PBXFileReference; lastKnownFileType = sourcecode.swift; path = TwentyFourHoursUITests.swift; sourceTree = "<group>"; };
		34EBD48F1CBFDB5F0033B651 /* Info.plist */ = {isa = PBXFileReference; lastKnownFileType = text.plist.xml; path = Info.plist; sourceTree = "<group>"; };
		34EBD4A41CBFDD3E0033B651 /* ForecastIOBuilder.swift */ = {isa = PBXFileReference; fileEncoding = 4; lastKnownFileType = sourcecode.swift; path = ForecastIOBuilder.swift; sourceTree = "<group>"; };
		34EBD4A51CBFDD3E0033B651 /* ForecastIOManager.swift */ = {isa = PBXFileReference; fileEncoding = 4; lastKnownFileType = sourcecode.swift; path = ForecastIOManager.swift; sourceTree = "<group>"; };
		34EBD4AF1CBFDF3A0033B651 /* Forecast.swift */ = {isa = PBXFileReference; fileEncoding = 4; lastKnownFileType = sourcecode.swift; path = Forecast.swift; sourceTree = "<group>"; };
		34EBD4B51CBFDF480033B651 /* OneDayForecast.swift */ = {isa = PBXFileReference; fileEncoding = 4; lastKnownFileType = sourcecode.swift; path = OneDayForecast.swift; sourceTree = "<group>"; };
		34EBD4BC1CBFDF850033B651 /* UserDefaultsExtension.swift */ = {isa = PBXFileReference; fileEncoding = 4; lastKnownFileType = sourcecode.swift; path = UserDefaultsExtension.swift; sourceTree = "<group>"; };
		34EBD4C31CBFDFCE0033B651 /* Weather.swift */ = {isa = PBXFileReference; fileEncoding = 4; lastKnownFileType = sourcecode.swift; path = Weather.swift; sourceTree = "<group>"; };
		34EBD4C91CBFDFD80033B651 /* SevenDayForecast.swift */ = {isa = PBXFileReference; fileEncoding = 4; lastKnownFileType = sourcecode.swift; path = SevenDayForecast.swift; sourceTree = "<group>"; };
		34EBD4CF1CBFDFE10033B651 /* OneHourForecast.swift */ = {isa = PBXFileReference; fileEncoding = 4; lastKnownFileType = sourcecode.swift; path = OneHourForecast.swift; sourceTree = "<group>"; };
		34EBD4D51CBFDFEA0033B651 /* SixtyMinuteForecast.swift */ = {isa = PBXFileReference; fileEncoding = 4; lastKnownFileType = sourcecode.swift; path = SixtyMinuteForecast.swift; sourceTree = "<group>"; };
		34EBD4DB1CBFDFF20033B651 /* Flags.swift */ = {isa = PBXFileReference; fileEncoding = 4; lastKnownFileType = sourcecode.swift; path = Flags.swift; sourceTree = "<group>"; };
		34EBD4E11CBFDFF80033B651 /* Units.swift */ = {isa = PBXFileReference; fileEncoding = 4; lastKnownFileType = sourcecode.swift; path = Units.swift; sourceTree = "<group>"; };
		34EBD4E71CBFE0170033B651 /* NSDateExtension.swift */ = {isa = PBXFileReference; fileEncoding = 4; lastKnownFileType = sourcecode.swift; path = NSDateExtension.swift; sourceTree = "<group>"; };
		34EBD4EE1CBFE0440033B651 /* OneMinuteForecast.swift */ = {isa = PBXFileReference; fileEncoding = 4; lastKnownFileType = sourcecode.swift; path = OneMinuteForecast.swift; sourceTree = "<group>"; };
		F1E09CF71CC0353000D9B55B /* WeatherTableViewCell.swift */ = {isa = PBXFileReference; fileEncoding = 4; lastKnownFileType = sourcecode.swift; path = WeatherTableViewCell.swift; sourceTree = "<group>"; };
/* End PBXFileReference section */

/* Begin PBXFrameworksBuildPhase section */
		34EBD4671CBFDB5F0033B651 /* Frameworks */ = {
			isa = PBXFrameworksBuildPhase;
			buildActionMask = 2147483647;
			files = (
			);
			runOnlyForDeploymentPostprocessing = 0;
		};
		34EBD47B1CBFDB5F0033B651 /* Frameworks */ = {
			isa = PBXFrameworksBuildPhase;
			buildActionMask = 2147483647;
			files = (
			);
			runOnlyForDeploymentPostprocessing = 0;
		};
		34EBD4861CBFDB5F0033B651 /* Frameworks */ = {
			isa = PBXFrameworksBuildPhase;
			buildActionMask = 2147483647;
			files = (
			);
			runOnlyForDeploymentPostprocessing = 0;
		};
/* End PBXFrameworksBuildPhase section */

/* Begin PBXGroup section */
		3424C40A1CC0CAD400ABE283 /* weatherControllers */ = {
			isa = PBXGroup;
			children = (
				3424C40C1CC0CB2F00ABE283 /* ViewController.swift */,
			);
			path = weatherControllers;
			sourceTree = "<group>";
		};
		34EBD4611CBFDB5F0033B651 = {
			isa = PBXGroup;
			children = (
				34EBD46C1CBFDB5F0033B651 /* TwentyFourHours */,
				34EBD4811CBFDB5F0033B651 /* TwentyFourHoursTests */,
				34EBD48C1CBFDB5F0033B651 /* TwentyFourHoursUITests */,
				34EBD46B1CBFDB5F0033B651 /* Products */,
			);
			sourceTree = "<group>";
		};
		34EBD46B1CBFDB5F0033B651 /* Products */ = {
			isa = PBXGroup;
			children = (
				34EBD46A1CBFDB5F0033B651 /* TwentyFourHours.app */,
				34EBD47E1CBFDB5F0033B651 /* TwentyFourHoursTests.xctest */,
				34EBD4891CBFDB5F0033B651 /* TwentyFourHoursUITests.xctest */,
			);
			name = Products;
			sourceTree = "<group>";
		};
		34EBD46C1CBFDB5F0033B651 /* TwentyFourHours */ = {
			isa = PBXGroup;
			children = (
				34EBD46D1CBFDB5F0033B651 /* AppDelegate.swift */,
				34EBD4711CBFDB5F0033B651 /* Main.storyboard */,
				34EBD4761CBFDB5F0033B651 /* LaunchScreen.storyboard */,
				34EBD4791CBFDB5F0033B651 /* Info.plist */,
				3424C40A1CC0CAD400ABE283 /* weatherControllers */,
				34EBD4AE1CBFDF180033B651 /* weatherModel */,
				34EBD4A11CBFDCCD0033B651 /* weatherData */,
				34EBD4BB1CBFDF620033B651 /* extensions */,
				F1E09CF71CC0353000D9B55B /* WeatherTableViewCell.swift */,
				34EBD4741CBFDB5F0033B651 /* Assets.xcassets */,
			);
			path = TwentyFourHours;
			sourceTree = "<group>";
		};
		34EBD4811CBFDB5F0033B651 /* TwentyFourHoursTests */ = {
			isa = PBXGroup;
			children = (
				34EBD4821CBFDB5F0033B651 /* TwentyFourHoursTests.swift */,
				34EBD4841CBFDB5F0033B651 /* Info.plist */,
			);
			path = TwentyFourHoursTests;
			sourceTree = "<group>";
		};
		34EBD48C1CBFDB5F0033B651 /* TwentyFourHoursUITests */ = {
			isa = PBXGroup;
			children = (
				34EBD48D1CBFDB5F0033B651 /* TwentyFourHoursUITests.swift */,
				34EBD48F1CBFDB5F0033B651 /* Info.plist */,
			);
			path = TwentyFourHoursUITests;
			sourceTree = "<group>";
		};
		34EBD4A11CBFDCCD0033B651 /* weatherData */ = {
			isa = PBXGroup;
			children = (
				34EBD4A21CBFDCED0033B651 /* forecastIO */,
			);
			path = weatherData;
			sourceTree = "<group>";
		};
		34EBD4A21CBFDCED0033B651 /* forecastIO */ = {
			isa = PBXGroup;
			children = (
				34EBD4A41CBFDD3E0033B651 /* ForecastIOBuilder.swift */,
				34EBD4A51CBFDD3E0033B651 /* ForecastIOManager.swift */,
			);
			path = forecastIO;
			sourceTree = "<group>";
		};
		34EBD4AE1CBFDF180033B651 /* weatherModel */ = {
			isa = PBXGroup;
			children = (
				3424C4121CC0CBC400ABE283 /* WeatherIcons.swift */,
				34EBD4B51CBFDF480033B651 /* OneDayForecast.swift */,
				34EBD4CF1CBFDFE10033B651 /* OneHourForecast.swift */,
				34EBD4AF1CBFDF3A0033B651 /* Forecast.swift */,
				34EBD4D51CBFDFEA0033B651 /* SixtyMinuteForecast.swift */,
				34EBD4EE1CBFE0440033B651 /* OneMinuteForecast.swift */,
				34EBD4DB1CBFDFF20033B651 /* Flags.swift */,
				34EBD4C91CBFDFD80033B651 /* SevenDayForecast.swift */,
				34EBD4E11CBFDFF80033B651 /* Units.swift */,
				34EBD4C31CBFDFCE0033B651 /* Weather.swift */,
			);
			path = weatherModel;
			sourceTree = "<group>";
		};
		34EBD4BB1CBFDF620033B651 /* extensions */ = {
			isa = PBXGroup;
			children = (
				34EBD4E71CBFE0170033B651 /* NSDateExtension.swift */,
				34EBD4BC1CBFDF850033B651 /* UserDefaultsExtension.swift */,
			);
			path = extensions;
			sourceTree = "<group>";
		};
/* End PBXGroup section */

/* Begin PBXNativeTarget section */
		34EBD4691CBFDB5F0033B651 /* TwentyFourHours */ = {
			isa = PBXNativeTarget;
			buildConfigurationList = 34EBD4921CBFDB5F0033B651 /* Build configuration list for PBXNativeTarget "TwentyFourHours" */;
			buildPhases = (
				34EBD4661CBFDB5F0033B651 /* Sources */,
				34EBD4671CBFDB5F0033B651 /* Frameworks */,
				34EBD4681CBFDB5F0033B651 /* Resources */,
			);
			buildRules = (
			);
			dependencies = (
			);
			name = TwentyFourHours;
			productName = TwentyFourHours;
			productReference = 34EBD46A1CBFDB5F0033B651 /* TwentyFourHours.app */;
			productType = "com.apple.product-type.application";
		};
		34EBD47D1CBFDB5F0033B651 /* TwentyFourHoursTests */ = {
			isa = PBXNativeTarget;
			buildConfigurationList = 34EBD4951CBFDB5F0033B651 /* Build configuration list for PBXNativeTarget "TwentyFourHoursTests" */;
			buildPhases = (
				34EBD47A1CBFDB5F0033B651 /* Sources */,
				34EBD47B1CBFDB5F0033B651 /* Frameworks */,
				34EBD47C1CBFDB5F0033B651 /* Resources */,
			);
			buildRules = (
			);
			dependencies = (
				34EBD4801CBFDB5F0033B651 /* PBXTargetDependency */,
			);
			name = TwentyFourHoursTests;
			productName = TwentyFourHoursTests;
			productReference = 34EBD47E1CBFDB5F0033B651 /* TwentyFourHoursTests.xctest */;
			productType = "com.apple.product-type.bundle.unit-test";
		};
		34EBD4881CBFDB5F0033B651 /* TwentyFourHoursUITests */ = {
			isa = PBXNativeTarget;
			buildConfigurationList = 34EBD4981CBFDB5F0033B651 /* Build configuration list for PBXNativeTarget "TwentyFourHoursUITests" */;
			buildPhases = (
				34EBD4851CBFDB5F0033B651 /* Sources */,
				34EBD4861CBFDB5F0033B651 /* Frameworks */,
				34EBD4871CBFDB5F0033B651 /* Resources */,
			);
			buildRules = (
			);
			dependencies = (
				34EBD48B1CBFDB5F0033B651 /* PBXTargetDependency */,
			);
			name = TwentyFourHoursUITests;
			productName = TwentyFourHoursUITests;
			productReference = 34EBD4891CBFDB5F0033B651 /* TwentyFourHoursUITests.xctest */;
			productType = "com.apple.product-type.bundle.ui-testing";
		};
/* End PBXNativeTarget section */

/* Begin PBXProject section */
		34EBD4621CBFDB5F0033B651 /* Project object */ = {
			isa = PBXProject;
			attributes = {
				LastSwiftUpdateCheck = 0730;
				LastUpgradeCheck = 0730;
				ORGANIZATIONNAME = "Vincent O'Sullivan";
				TargetAttributes = {
					34EBD4691CBFDB5F0033B651 = {
						CreatedOnToolsVersion = 7.3;
					};
					34EBD47D1CBFDB5F0033B651 = {
						CreatedOnToolsVersion = 7.3;
						TestTargetID = 34EBD4691CBFDB5F0033B651;
					};
					34EBD4881CBFDB5F0033B651 = {
						CreatedOnToolsVersion = 7.3;
						TestTargetID = 34EBD4691CBFDB5F0033B651;
					};
				};
			};
			buildConfigurationList = 34EBD4651CBFDB5F0033B651 /* Build configuration list for PBXProject "TwentyFourHours" */;
			compatibilityVersion = "Xcode 3.2";
			developmentRegion = English;
			hasScannedForEncodings = 0;
			knownRegions = (
				en,
				Base,
			);
			mainGroup = 34EBD4611CBFDB5F0033B651;
			productRefGroup = 34EBD46B1CBFDB5F0033B651 /* Products */;
			projectDirPath = "";
			projectRoot = "";
			targets = (
				34EBD4691CBFDB5F0033B651 /* TwentyFourHours */,
				34EBD47D1CBFDB5F0033B651 /* TwentyFourHoursTests */,
				34EBD4881CBFDB5F0033B651 /* TwentyFourHoursUITests */,
			);
		};
/* End PBXProject section */

/* Begin PBXResourcesBuildPhase section */
		34EBD4681CBFDB5F0033B651 /* Resources */ = {
			isa = PBXResourcesBuildPhase;
			buildActionMask = 2147483647;
			files = (
				34EBD4781CBFDB5F0033B651 /* LaunchScreen.storyboard in Resources */,
				34EBD4751CBFDB5F0033B651 /* Assets.xcassets in Resources */,
				34EBD4731CBFDB5F0033B651 /* Main.storyboard in Resources */,
			);
			runOnlyForDeploymentPostprocessing = 0;
		};
		34EBD47C1CBFDB5F0033B651 /* Resources */ = {
			isa = PBXResourcesBuildPhase;
			buildActionMask = 2147483647;
			files = (
			);
			runOnlyForDeploymentPostprocessing = 0;
		};
		34EBD4871CBFDB5F0033B651 /* Resources */ = {
			isa = PBXResourcesBuildPhase;
			buildActionMask = 2147483647;
			files = (
			);
			runOnlyForDeploymentPostprocessing = 0;
		};
/* End PBXResourcesBuildPhase section */

/* Begin PBXSourcesBuildPhase section */
		34EBD4661CBFDB5F0033B651 /* Sources */ = {
			isa = PBXSourcesBuildPhase;
			buildActionMask = 2147483647;
			files = (
				34EBD4C41CBFDFCE0033B651 /* Weather.swift in Sources */,
				34EBD4EF1CBFE0440033B651 /* OneMinuteForecast.swift in Sources */,
				34EBD4E21CBFDFF80033B651 /* Units.swift in Sources */,
				34EBD4E81CBFE0170033B651 /* NSDateExtension.swift in Sources */,
				34EBD4B61CBFDF480033B651 /* OneDayForecast.swift in Sources */,
				34EBD4A81CBFDD3E0033B651 /* ForecastIOManager.swift in Sources */,
				34EBD4DC1CBFDFF20033B651 /* Flags.swift in Sources */,
				3424C4131CC0CBC400ABE283 /* WeatherIcons.swift in Sources */,
				34EBD4D61CBFDFEA0033B651 /* SixtyMinuteForecast.swift in Sources */,
				F1E09CF81CC0353000D9B55B /* WeatherTableViewCell.swift in Sources */,
				3424C40D1CC0CB2F00ABE283 /* ViewController.swift in Sources */,
				34EBD4A61CBFDD3E0033B651 /* ForecastIOBuilder.swift in Sources */,
				34EBD46E1CBFDB5F0033B651 /* AppDelegate.swift in Sources */,
				34EBD4CA1CBFDFD80033B651 /* SevenDayForecast.swift in Sources */,
				34EBD4D01CBFDFE10033B651 /* OneHourForecast.swift in Sources */,
				34EBD4BD1CBFDF850033B651 /* UserDefaultsExtension.swift in Sources */,
				34EBD4B01CBFDF3A0033B651 /* Forecast.swift in Sources */,
			);
			runOnlyForDeploymentPostprocessing = 0;
		};
		34EBD47A1CBFDB5F0033B651 /* Sources */ = {
			isa = PBXSourcesBuildPhase;
			buildActionMask = 2147483647;
			files = (
				34EBD4B11CBFDF3A0033B651 /* Forecast.swift in Sources */,
				34EBD4E31CBFDFF80033B651 /* Units.swift in Sources */,
				34EBD4A71CBFDD3E0033B651 /* ForecastIOBuilder.swift in Sources */,
				34EBD4D11CBFDFE10033B651 /* OneHourForecast.swift in Sources */,
				34EBD4B71CBFDF480033B651 /* OneDayForecast.swift in Sources */,
				34EBD4F01CBFE0440033B651 /* OneMinuteForecast.swift in Sources */,
				34EBD4DD1CBFDFF20033B651 /* Flags.swift in Sources */,
				34EBD4D71CBFDFEA0033B651 /* SixtyMinuteForecast.swift in Sources */,
				34EBD4A91CBFDD3E0033B651 /* ForecastIOManager.swift in Sources */,
				34EBD4BE1CBFDF850033B651 /* UserDefaultsExtension.swift in Sources */,
				34EBD4831CBFDB5F0033B651 /* TwentyFourHoursTests.swift in Sources */,
				34EBD4E91CBFE0170033B651 /* NSDateExtension.swift in Sources */,
				34EBD4C51CBFDFCE0033B651 /* Weather.swift in Sources */,
				34EBD4CB1CBFDFD80033B651 /* SevenDayForecast.swift in Sources */,
				3424C4141CC0CBC400ABE283 /* WeatherIcons.swift in Sources */,
			);
			runOnlyForDeploymentPostprocessing = 0;
		};
		34EBD4851CBFDB5F0033B651 /* Sources */ = {
			isa = PBXSourcesBuildPhase;
			buildActionMask = 2147483647;
			files = (
				34EBD48E1CBFDB5F0033B651 /* TwentyFourHoursUITests.swift in Sources */,
			);
			runOnlyForDeploymentPostprocessing = 0;
		};
/* End PBXSourcesBuildPhase section */

/* Begin PBXTargetDependency section */
		34EBD4801CBFDB5F0033B651 /* PBXTargetDependency */ = {
			isa = PBXTargetDependency;
			target = 34EBD4691CBFDB5F0033B651 /* TwentyFourHours */;
			targetProxy = 34EBD47F1CBFDB5F0033B651 /* PBXContainerItemProxy */;
		};
		34EBD48B1CBFDB5F0033B651 /* PBXTargetDependency */ = {
			isa = PBXTargetDependency;
			target = 34EBD4691CBFDB5F0033B651 /* TwentyFourHours */;
			targetProxy = 34EBD48A1CBFDB5F0033B651 /* PBXContainerItemProxy */;
		};
/* End PBXTargetDependency section */

/* Begin PBXVariantGroup section */
		34EBD4711CBFDB5F0033B651 /* Main.storyboard */ = {
			isa = PBXVariantGroup;
			children = (
				34EBD4721CBFDB5F0033B651 /* Base */,
			);
			name = Main.storyboard;
			sourceTree = "<group>";
		};
		34EBD4761CBFDB5F0033B651 /* LaunchScreen.storyboard */ = {
			isa = PBXVariantGroup;
			children = (
				34EBD4771CBFDB5F0033B651 /* Base */,
			);
			name = LaunchScreen.storyboard;
			sourceTree = "<group>";
		};
/* End PBXVariantGroup section */

/* Begin XCBuildConfiguration section */
		34EBD4901CBFDB5F0033B651 /* Debug */ = {
			isa = XCBuildConfiguration;
			buildSettings = {
				ALWAYS_SEARCH_USER_PATHS = NO;
				CLANG_ANALYZER_NONNULL = YES;
				CLANG_CXX_LANGUAGE_STANDARD = "gnu++0x";
				CLANG_CXX_LIBRARY = "libc++";
				CLANG_ENABLE_MODULES = YES;
				CLANG_ENABLE_OBJC_ARC = YES;
				CLANG_WARN_BOOL_CONVERSION = YES;
				CLANG_WARN_CONSTANT_CONVERSION = YES;
				CLANG_WARN_DIRECT_OBJC_ISA_USAGE = YES_ERROR;
				CLANG_WARN_EMPTY_BODY = YES;
				CLANG_WARN_ENUM_CONVERSION = YES;
				CLANG_WARN_INT_CONVERSION = YES;
				CLANG_WARN_OBJC_ROOT_CLASS = YES_ERROR;
				CLANG_WARN_UNREACHABLE_CODE = YES;
				CLANG_WARN__DUPLICATE_METHOD_MATCH = YES;
				"CODE_SIGN_IDENTITY[sdk=iphoneos*]" = "iPhone Developer";
				COPY_PHASE_STRIP = NO;
				DEBUG_INFORMATION_FORMAT = dwarf;
				ENABLE_STRICT_OBJC_MSGSEND = YES;
				ENABLE_TESTABILITY = YES;
				GCC_C_LANGUAGE_STANDARD = gnu99;
				GCC_DYNAMIC_NO_PIC = NO;
				GCC_NO_COMMON_BLOCKS = YES;
				GCC_OPTIMIZATION_LEVEL = 0;
				GCC_PREPROCESSOR_DEFINITIONS = (
					"DEBUG=1",
					"$(inherited)",
				);
				GCC_WARN_64_TO_32_BIT_CONVERSION = YES;
				GCC_WARN_ABOUT_RETURN_TYPE = YES_ERROR;
				GCC_WARN_UNDECLARED_SELECTOR = YES;
				GCC_WARN_UNINITIALIZED_AUTOS = YES_AGGRESSIVE;
				GCC_WARN_UNUSED_FUNCTION = YES;
				GCC_WARN_UNUSED_VARIABLE = YES;
				IPHONEOS_DEPLOYMENT_TARGET = 9.3;
				MTL_ENABLE_DEBUG_INFO = YES;
				ONLY_ACTIVE_ARCH = YES;
				SDKROOT = iphoneos;
				SWIFT_OPTIMIZATION_LEVEL = "-Onone";
			};
			name = Debug;
		};
		34EBD4911CBFDB5F0033B651 /* Release */ = {
			isa = XCBuildConfiguration;
			buildSettings = {
				ALWAYS_SEARCH_USER_PATHS = NO;
				CLANG_ANALYZER_NONNULL = YES;
				CLANG_CXX_LANGUAGE_STANDARD = "gnu++0x";
				CLANG_CXX_LIBRARY = "libc++";
				CLANG_ENABLE_MODULES = YES;
				CLANG_ENABLE_OBJC_ARC = YES;
				CLANG_WARN_BOOL_CONVERSION = YES;
				CLANG_WARN_CONSTANT_CONVERSION = YES;
				CLANG_WARN_DIRECT_OBJC_ISA_USAGE = YES_ERROR;
				CLANG_WARN_EMPTY_BODY = YES;
				CLANG_WARN_ENUM_CONVERSION = YES;
				CLANG_WARN_INT_CONVERSION = YES;
				CLANG_WARN_OBJC_ROOT_CLASS = YES_ERROR;
				CLANG_WARN_UNREACHABLE_CODE = YES;
				CLANG_WARN__DUPLICATE_METHOD_MATCH = YES;
				"CODE_SIGN_IDENTITY[sdk=iphoneos*]" = "iPhone Developer";
				COPY_PHASE_STRIP = NO;
				DEBUG_INFORMATION_FORMAT = "dwarf-with-dsym";
				ENABLE_NS_ASSERTIONS = NO;
				ENABLE_STRICT_OBJC_MSGSEND = YES;
				GCC_C_LANGUAGE_STANDARD = gnu99;
				GCC_NO_COMMON_BLOCKS = YES;
				GCC_WARN_64_TO_32_BIT_CONVERSION = YES;
				GCC_WARN_ABOUT_RETURN_TYPE = YES_ERROR;
				GCC_WARN_UNDECLARED_SELECTOR = YES;
				GCC_WARN_UNINITIALIZED_AUTOS = YES_AGGRESSIVE;
				GCC_WARN_UNUSED_FUNCTION = YES;
				GCC_WARN_UNUSED_VARIABLE = YES;
				IPHONEOS_DEPLOYMENT_TARGET = 9.3;
				MTL_ENABLE_DEBUG_INFO = NO;
				SDKROOT = iphoneos;
				VALIDATE_PRODUCT = YES;
			};
			name = Release;
		};
		34EBD4931CBFDB5F0033B651 /* Debug */ = {
			isa = XCBuildConfiguration;
			buildSettings = {
				ASSETCATALOG_COMPILER_APPICON_NAME = AppIcon;
				INFOPLIST_FILE = TwentyFourHours/Info.plist;
				LD_RUNPATH_SEARCH_PATHS = "$(inherited) @executable_path/Frameworks";
				PRODUCT_BUNDLE_IDENTIFIER = com.britishairwaysent.TwentyFourHours;
				PRODUCT_NAME = "$(TARGET_NAME)";
			};
			name = Debug;
		};
		34EBD4941CBFDB5F0033B651 /* Release */ = {
			isa = XCBuildConfiguration;
			buildSettings = {
				ASSETCATALOG_COMPILER_APPICON_NAME = AppIcon;
				INFOPLIST_FILE = TwentyFourHours/Info.plist;
				LD_RUNPATH_SEARCH_PATHS = "$(inherited) @executable_path/Frameworks";
				PRODUCT_BUNDLE_IDENTIFIER = com.britishairwaysent.TwentyFourHours;
				PRODUCT_NAME = "$(TARGET_NAME)";
			};
			name = Release;
		};
		34EBD4961CBFDB5F0033B651 /* Debug */ = {
			isa = XCBuildConfiguration;
			buildSettings = {
				BUNDLE_LOADER = "$(TEST_HOST)";
				INFOPLIST_FILE = TwentyFourHoursTests/Info.plist;
				LD_RUNPATH_SEARCH_PATHS = "$(inherited) @executable_path/Frameworks @loader_path/Frameworks";
				PRODUCT_BUNDLE_IDENTIFIER = com.britishairwaysent.TwentyFourHoursTests;
				PRODUCT_NAME = "$(TARGET_NAME)";
				TEST_HOST = "$(BUILT_PRODUCTS_DIR)/TwentyFourHours.app/TwentyFourHours";
			};
			name = Debug;
		};
		34EBD4971CBFDB5F0033B651 /* Release */ = {
			isa = XCBuildConfiguration;
			buildSettings = {
				BUNDLE_LOADER = "$(TEST_HOST)";
				INFOPLIST_FILE = TwentyFourHoursTests/Info.plist;
				LD_RUNPATH_SEARCH_PATHS = "$(inherited) @executable_path/Frameworks @loader_path/Frameworks";
				PRODUCT_BUNDLE_IDENTIFIER = com.britishairwaysent.TwentyFourHoursTests;
				PRODUCT_NAME = "$(TARGET_NAME)";
				TEST_HOST = "$(BUILT_PRODUCTS_DIR)/TwentyFourHours.app/TwentyFourHours";
			};
			name = Release;
		};
		34EBD4991CBFDB5F0033B651 /* Debug */ = {
			isa = XCBuildConfiguration;
			buildSettings = {
				INFOPLIST_FILE = TwentyFourHoursUITests/Info.plist;
				LD_RUNPATH_SEARCH_PATHS = "$(inherited) @executable_path/Frameworks @loader_path/Frameworks";
				PRODUCT_BUNDLE_IDENTIFIER = com.britishairwaysent.TwentyFourHoursUITests;
				PRODUCT_NAME = "$(TARGET_NAME)";
				TEST_TARGET_NAME = TwentyFourHours;
			};
			name = Debug;
		};
		34EBD49A1CBFDB5F0033B651 /* Release */ = {
			isa = XCBuildConfiguration;
			buildSettings = {
				INFOPLIST_FILE = TwentyFourHoursUITests/Info.plist;
				LD_RUNPATH_SEARCH_PATHS = "$(inherited) @executable_path/Frameworks @loader_path/Frameworks";
				PRODUCT_BUNDLE_IDENTIFIER = com.britishairwaysent.TwentyFourHoursUITests;
				PRODUCT_NAME = "$(TARGET_NAME)";
				TEST_TARGET_NAME = TwentyFourHours;
			};
			name = Release;
		};
/* End XCBuildConfiguration section */

/* Begin XCConfigurationList section */
		34EBD4651CBFDB5F0033B651 /* Build configuration list for PBXProject "TwentyFourHours" */ = {
			isa = XCConfigurationList;
			buildConfigurations = (
				34EBD4901CBFDB5F0033B651 /* Debug */,
				34EBD4911CBFDB5F0033B651 /* Release */,
			);
			defaultConfigurationIsVisible = 0;
			defaultConfigurationName = Release;
		};
		34EBD4921CBFDB5F0033B651 /* Build configuration list for PBXNativeTarget "TwentyFourHours" */ = {
			isa = XCConfigurationList;
			buildConfigurations = (
				34EBD4931CBFDB5F0033B651 /* Debug */,
				34EBD4941CBFDB5F0033B651 /* Release */,
			);
			defaultConfigurationIsVisible = 0;
			defaultConfigurationName = Release;
		};
		34EBD4951CBFDB5F0033B651 /* Build configuration list for PBXNativeTarget "TwentyFourHoursTests" */ = {
			isa = XCConfigurationList;
			buildConfigurations = (
				34EBD4961CBFDB5F0033B651 /* Debug */,
				34EBD4971CBFDB5F0033B651 /* Release */,
			);
			defaultConfigurationIsVisible = 0;
			defaultConfigurationName = Release;
		};
		34EBD4981CBFDB5F0033B651 /* Build configuration list for PBXNativeTarget "TwentyFourHoursUITests" */ = {
			isa = XCConfigurationList;
			buildConfigurations = (
				34EBD4991CBFDB5F0033B651 /* Debug */,
				34EBD49A1CBFDB5F0033B651 /* Release */,
			);
			defaultConfigurationIsVisible = 0;
			defaultConfigurationName = Release;
		};
/* End XCConfigurationList section */
	};
	rootObject = 34EBD4621CBFDB5F0033B651 /* Project object */;
}
